
Microsoft Visual Studio Solution File, Format Version 12.00
# Visual Studio Version 17
VisualStudioVersion = 17.13.35828.75 d17.13
MinimumVisualStudioVersion = 10.0.40219.1
Project("{FAE04EC0-301F-11D3-BF4B-00C04F79EFBC}") = "AttachUsbFromHost", "AttachUsbFromHost\AttachUsbFromHost.csproj", "{A1A15221-A5DD-415F-A7FF-6D525491C062}"
EndProject
Global
	GlobalSection(SolutionConfigurationPlatforms) = preSolution
		Debug|Any CPU = Debug|Any CPU
		Release|Any CPU = Release|Any CPU
	EndGlobalSection
	GlobalSection(ProjectConfigurationPlatforms) = postSolution
		{A1A15221-A5DD-415F-A7FF-6D525491C062}.Debug|Any CPU.ActiveCfg = Debug|Any CPU
		{A1A15221-A5DD-415F-A7FF-6D525491C062}.Debug|Any CPU.Build.0 = Debug|Any CPU
		{A1A15221-A5DD-415F-A7FF-6D525491C062}.Release|Any CPU.ActiveCfg = Release|Any CPU
		{A1A15221-A5DD-415F-A7FF-6D525491C062}.Release|Any CPU.Build.0 = Release|Any CPU
	EndGlobalSection
	GlobalSection(SolutionProperties) = preSolution
		HideSolutionNode = FALSE
	EndGlobalSection
	GlobalSection(ExtensibilityGlobals) = postSolution
		SolutionGuid = {CA5C268A-85B1-4C53-A03F-B80B10B5A674}
	EndGlobalSection
EndGlobal
